
Microsoft Visual Studio Solution File, Format Version 12.00
# Visual Studio Version 17
VisualStudioVersion = 17.5.002.0
MinimumVisualStudioVersion = 10.0.40219.1
Project("{2150E333-8FDC-42A3-9474-1A3956D46DE8}") = "CarDrop.Solution", "CarDrop.Solution", "{49DADD75-BB0C-4844-8AE8-BC497D02C164}"
EndProject
Project("{9A19103F-16F7-4668-BE54-9A1E7A4F7556}") = "CarDrop", "CarDrop.Solution\CarDrop\CarDrop.csproj", "{2719C218-88CD-4CB2-8F83-A2EA4BBC4A66}"
EndProject
Global
	GlobalSection(SolutionConfigurationPlatforms) = preSolution
		Debug|Any CPU = Debug|Any CPU
		Release|Any CPU = Release|Any CPU
	EndGlobalSection
	GlobalSection(ProjectConfigurationPlatforms) = postSolution
		{2719C218-88CD-4CB2-8F83-A2EA4BBC4A66}.Debug|Any CPU.ActiveCfg = Debug|Any CPU
		{2719C218-88CD-4CB2-8F83-A2EA4BBC4A66}.Debug|Any CPU.Build.0 = Debug|Any CPU
		{2719C218-88CD-4CB2-8F83-A2EA4BBC4A66}.Release|Any CPU.ActiveCfg = Release|Any CPU
		{2719C218-88CD-4CB2-8F83-A2EA4BBC4A66}.Release|Any CPU.Build.0 = Release|Any CPU
	EndGlobalSection
	GlobalSection(SolutionProperties) = preSolution
		HideSolutionNode = FALSE
	EndGlobalSection
	GlobalSection(NestedProjects) = preSolution
		{2719C218-88CD-4CB2-8F83-A2EA4BBC4A66} = {49DADD75-BB0C-4844-8AE8-BC497D02C164}
	EndGlobalSection
	GlobalSection(ExtensibilityGlobals) = postSolution
		SolutionGuid = {910E9323-76E4-4E32-9C11-992CD6599004}
	EndGlobalSection
EndGlobal
